
Microsoft Visual Studio Solution File, Format Version 12.00
# Visual Studio Version 17
VisualStudioVersion = 17.9.34714.143
MinimumVisualStudioVersion = 10.0.40219.1
Project("{FAE04EC0-301F-11D3-BF4B-00C04F79EFBC}") = "Rubiks-Cube-Exercise", "Rubiks-Cube-Exercise\Rubiks-Cube-Exercise.csproj", "{40B49B3C-12B8-4934-949C-8FC047680572}"
EndProject
Project("{FAE04EC0-301F-11D3-BF4B-00C04F79EFBC}") = "Rubiks-Cube-Solver", "Rubiks-Cube-Solver\Rubiks-Cube-Solver.csproj", "{B0A0ACF0-674A-40C7-B56C-C050B8542488}"
EndProject
Project("{FAE04EC0-301F-11D3-BF4B-00C04F79EFBC}") = "Rubiks-Cube-Test", "Rubiks-Cube-Test\Rubiks-Cube-Test.csproj", "{33795066-0A8D-4E6E-86BD-EC07B6277900}"
EndProject
Global
	GlobalSection(SolutionConfigurationPlatforms) = preSolution
		Debug|Any CPU = Debug|Any CPU
		Release|Any CPU = Release|Any CPU
	EndGlobalSection
	GlobalSection(ProjectConfigurationPlatforms) = postSolution
		{40B49B3C-12B8-4934-949C-8FC047680572}.Debug|Any CPU.ActiveCfg = Debug|Any CPU
		{40B49B3C-12B8-4934-949C-8FC047680572}.Debug|Any CPU.Build.0 = Debug|Any CPU
		{40B49B3C-12B8-4934-949C-8FC047680572}.Release|Any CPU.ActiveCfg = Release|Any CPU
		{40B49B3C-12B8-4934-949C-8FC047680572}.Release|Any CPU.Build.0 = Release|Any CPU
		{B0A0ACF0-674A-40C7-B56C-C050B8542488}.Debug|Any CPU.ActiveCfg = Debug|Any CPU
		{B0A0ACF0-674A-40C7-B56C-C050B8542488}.Debug|Any CPU.Build.0 = Debug|Any CPU
		{B0A0ACF0-674A-40C7-B56C-C050B8542488}.Release|Any CPU.ActiveCfg = Release|Any CPU
		{B0A0ACF0-674A-40C7-B56C-C050B8542488}.Release|Any CPU.Build.0 = Release|Any CPU
		{33795066-0A8D-4E6E-86BD-EC07B6277900}.Debug|Any CPU.ActiveCfg = Debug|Any CPU
		{33795066-0A8D-4E6E-86BD-EC07B6277900}.Debug|Any CPU.Build.0 = Debug|Any CPU
		{33795066-0A8D-4E6E-86BD-EC07B6277900}.Release|Any CPU.ActiveCfg = Release|Any CPU
		{33795066-0A8D-4E6E-86BD-EC07B6277900}.Release|Any CPU.Build.0 = Release|Any CPU
	EndGlobalSection
	GlobalSection(SolutionProperties) = preSolution
		HideSolutionNode = FALSE
	EndGlobalSection
	GlobalSection(ExtensibilityGlobals) = postSolution
		SolutionGuid = {CACDECB2-1FDD-4BB7-A7CA-EA1F0FFC7B78}
	EndGlobalSection
EndGlobal
